
Microsoft Visual Studio Solution File, Format Version 12.00
# Visual Studio Version 17
VisualStudioVersion = 17.8.34330.188
MinimumVisualStudioVersion = 10.0.40219.1
Project("{FAE04EC0-301F-11D3-BF4B-00C04F79EFBC}") = "holidaymaker-group2", "holidaymaker-group2.csproj", "{B28EEB76-D9A5-4CC5-B228-E421FD332A2B}"
EndProject
Global
	GlobalSection(SolutionConfigurationPlatforms) = preSolution
		Debug|Any CPU = Debug|Any CPU
		Release|Any CPU = Release|Any CPU
	EndGlobalSection
	GlobalSection(ProjectConfigurationPlatforms) = postSolution
		{B28EEB76-D9A5-4CC5-B228-E421FD332A2B}.Debug|Any CPU.ActiveCfg = Debug|Any CPU
		{B28EEB76-D9A5-4CC5-B228-E421FD332A2B}.Debug|Any CPU.Build.0 = Debug|Any CPU
		{B28EEB76-D9A5-4CC5-B228-E421FD332A2B}.Release|Any CPU.ActiveCfg = Release|Any CPU
		{B28EEB76-D9A5-4CC5-B228-E421FD332A2B}.Release|Any CPU.Build.0 = Release|Any CPU
	EndGlobalSection
	GlobalSection(SolutionProperties) = preSolution
		HideSolutionNode = FALSE
	EndGlobalSection
	GlobalSection(ExtensibilityGlobals) = postSolution
		SolutionGuid = {CF947A15-25D1-4233-8611-2199AD7103AF}
	EndGlobalSection
EndGlobal
